
Microsoft Visual Studio Solution File, Format Version 12.00
# Visual Studio Version 17
VisualStudioVersion = 17.10.35201.131
MinimumVisualStudioVersion = 10.0.40219.1
Project("{9A19103F-16F7-4668-BE54-9A1E7A4F7556}") = "GestionOT5", "GestionOT5.csproj", "{01225583-CB0E-4DA8-84E5-77C88078F11F}"
EndProject
Project("{9A19103F-16F7-4668-BE54-9A1E7A4F7556}") = "GestionOT5.Test", "..\GestionOT5.Test\GestionOT5.Test.csproj", "{26767AEA-D4B4-4FB3-B22B-60F9DC94B066}"
EndProject
Global
	GlobalSection(SolutionConfigurationPlatforms) = preSolution
		Debug|Any CPU = Debug|Any CPU
		Release|Any CPU = Release|Any CPU
	EndGlobalSection
	GlobalSection(ProjectConfigurationPlatforms) = postSolution
		{01225583-CB0E-4DA8-84E5-77C88078F11F}.Debug|Any CPU.ActiveCfg = Debug|Any CPU
		{01225583-CB0E-4DA8-84E5-77C88078F11F}.Debug|Any CPU.Build.0 = Debug|Any CPU
		{01225583-CB0E-4DA8-84E5-77C88078F11F}.Debug|Any CPU.Deploy.0 = Debug|Any CPU
		{01225583-CB0E-4DA8-84E5-77C88078F11F}.Release|Any CPU.ActiveCfg = Release|Any CPU
		{01225583-CB0E-4DA8-84E5-77C88078F11F}.Release|Any CPU.Build.0 = Release|Any CPU
		{01225583-CB0E-4DA8-84E5-77C88078F11F}.Release|Any CPU.Deploy.0 = Release|Any CPU
		{26767AEA-D4B4-4FB3-B22B-60F9DC94B066}.Debug|Any CPU.ActiveCfg = Debug|Any CPU
		{26767AEA-D4B4-4FB3-B22B-60F9DC94B066}.Debug|Any CPU.Build.0 = Debug|Any CPU
		{26767AEA-D4B4-4FB3-B22B-60F9DC94B066}.Release|Any CPU.ActiveCfg = Release|Any CPU
		{26767AEA-D4B4-4FB3-B22B-60F9DC94B066}.Release|Any CPU.Build.0 = Release|Any CPU
	EndGlobalSection
	GlobalSection(SolutionProperties) = preSolution
		HideSolutionNode = FALSE
	EndGlobalSection
	GlobalSection(ExtensibilityGlobals) = postSolution
		SolutionGuid = {0B8E15E8-8D35-4114-A22C-2F6C6FC421CD}
	EndGlobalSection
EndGlobal
